
Microsoft Visual Studio Solution File, Format Version 12.00
# Visual Studio Version 17
VisualStudioVersion = 17.0.32112.339
MinimumVisualStudioVersion = 10.0.40219.1
Project("{FAE04EC0-301F-11D3-BF4B-00C04F79EFBC}") = "WebApi", "WebApi\WebApi.csproj", "{D45CC262-AEAF-4963-BE03-AFC9BD6E474D}"
EndProject
Project("{FAE04EC0-301F-11D3-BF4B-00C04F79EFBC}") = "BussinesLogic", "BussinesLogic\BussinesLogic.csproj", "{65D672A3-6B1D-4EE2-B4D8-5674F2B2630C}"
EndProject
Project("{FAE04EC0-301F-11D3-BF4B-00C04F79EFBC}") = "Core", "Core\Core.csproj", "{40CA4DD5-3F6C-4AC6-8BDC-188B791B91FD}"
EndProject
Global
	GlobalSection(SolutionConfigurationPlatforms) = preSolution
		Debug|Any CPU = Debug|Any CPU
		Release|Any CPU = Release|Any CPU
	EndGlobalSection
	GlobalSection(ProjectConfigurationPlatforms) = postSolution
		{D45CC262-AEAF-4963-BE03-AFC9BD6E474D}.Debug|Any CPU.ActiveCfg = Debug|Any CPU
		{D45CC262-AEAF-4963-BE03-AFC9BD6E474D}.Debug|Any CPU.Build.0 = Debug|Any CPU
		{D45CC262-AEAF-4963-BE03-AFC9BD6E474D}.Release|Any CPU.ActiveCfg = Release|Any CPU
		{D45CC262-AEAF-4963-BE03-AFC9BD6E474D}.Release|Any CPU.Build.0 = Release|Any CPU
		{65D672A3-6B1D-4EE2-B4D8-5674F2B2630C}.Debug|Any CPU.ActiveCfg = Debug|Any CPU
		{65D672A3-6B1D-4EE2-B4D8-5674F2B2630C}.Debug|Any CPU.Build.0 = Debug|Any CPU
		{65D672A3-6B1D-4EE2-B4D8-5674F2B2630C}.Release|Any CPU.ActiveCfg = Release|Any CPU
		{65D672A3-6B1D-4EE2-B4D8-5674F2B2630C}.Release|Any CPU.Build.0 = Release|Any CPU
		{40CA4DD5-3F6C-4AC6-8BDC-188B791B91FD}.Debug|Any CPU.ActiveCfg = Debug|Any CPU
		{40CA4DD5-3F6C-4AC6-8BDC-188B791B91FD}.Debug|Any CPU.Build.0 = Debug|Any CPU
		{40CA4DD5-3F6C-4AC6-8BDC-188B791B91FD}.Release|Any CPU.ActiveCfg = Release|Any CPU
		{40CA4DD5-3F6C-4AC6-8BDC-188B791B91FD}.Release|Any CPU.Build.0 = Release|Any CPU
	EndGlobalSection
	GlobalSection(SolutionProperties) = preSolution
		HideSolutionNode = FALSE
	EndGlobalSection
	GlobalSection(ExtensibilityGlobals) = postSolution
		SolutionGuid = {A580EB0A-D4A0-467D-B458-786615C39E95}
	EndGlobalSection
EndGlobal
